{
  "version" : 2,
  "pins" : [
    {
      "identity" : "swift-argument-parser",
      "kind" : "remoteSourceControl",
      "location" : "https://github.com/apple/swift-argument-parser.git",
      "state" : {
        "revision" : "1b66c3c5ceee8ae41baf8a7e60c5d5e41b0c5b18",
        "version" : "1.3.0"
      }
    },
    {
      "identity" : "vapor",
      "kind" : "remoteSourceControl",
      "location" : "https://github.com/vapor/vapor.git",
      "state" : {
        "revision" : "abc123def456ghi789jkl012mno345pqr678",
        "version" : "4.83.2"
      }
    }
  ]
}
