[[package]]
name = "anyio"
version = "4.1.0"
description = "High level compatibility layer for multiple asynchronous event loop implementations"
optional = false
python-versions = ">=3.8"

[[package]]
name = "black"
version = "23.11.0"
description = "The uncompromising code formatter."
optional = false
python-versions = ">=3.8"

[[package]]
name = "fastapi"
version = "0.104.1"
description = "FastAPI framework, high performance, easy to learn, fast to code, ready for production"
optional = false
python-versions = ">=3.8"

[package.dependencies]
anyio = ">=3.7.1,<4.0.0"
starlette = ">=0.29.0,<0.33.0"

[[package]]
name = "httpx"
version = "0.25.2"
description = "The next generation HTTP client."
optional = false
python-versions = ">=3.8"

[[package]]
name = "pytest"
version = "7.4.3"
description = "pytest: simple powerful testing with Python"
optional = false
python-versions = ">=3.7"

[[package]]
name = "starlette"
version = "0.32.0"
description = "The little ASGI library that shines."
optional = false
python-versions = ">=3.8"

[metadata]
lock-version = "2.0"
python-versions = "^3.11"
content-hash = "abc123def456ghi789jkl012mno345pqr678stu901vwx234"
